
Microsoft Visual Studio Solution File, Format Version 12.00
# Visual Studio Version 17
VisualStudioVersion = 17.14.36705.20
MinimumVisualStudioVersion = 10.0.40219.1
Project("{FAE04EC0-301F-11D3-BF4B-00C04F79EFBC}") = "Ausgabentracker", "Ausgabentracker.csproj", "{10417761-9508-4708-8A97-5D8E865FB467}"
EndProject
Project("{FAE04EC0-301F-11D3-BF4B-00C04F79EFBC}") = "Ausgabentracker.Tests", "..\UnitTestProject1\Ausgabentracker.Tests.csproj", "{C187DF2C-7239-498E-BFD7-1630E31CB17F}"
EndProject
Global
	GlobalSection(SolutionConfigurationPlatforms) = preSolution
		Debug|Any CPU = Debug|Any CPU
		Debug|x64 = Debug|x64
		Release|Any CPU = Release|Any CPU
		Release|x64 = Release|x64
	EndGlobalSection
	GlobalSection(ProjectConfigurationPlatforms) = postSolution
		{10417761-9508-4708-8A97-5D8E865FB467}.Debug|Any CPU.ActiveCfg = Debug|Any CPU
		{10417761-9508-4708-8A97-5D8E865FB467}.Debug|Any CPU.Build.0 = Debug|Any CPU
		{10417761-9508-4708-8A97-5D8E865FB467}.Debug|x64.ActiveCfg = Debug|x64
		{10417761-9508-4708-8A97-5D8E865FB467}.Debug|x64.Build.0 = Debug|x64
		{10417761-9508-4708-8A97-5D8E865FB467}.Release|Any CPU.ActiveCfg = Release|Any CPU
		{10417761-9508-4708-8A97-5D8E865FB467}.Release|Any CPU.Build.0 = Release|Any CPU
		{10417761-9508-4708-8A97-5D8E865FB467}.Release|x64.ActiveCfg = Release|x64
		{10417761-9508-4708-8A97-5D8E865FB467}.Release|x64.Build.0 = Release|x64
		{C187DF2C-7239-498E-BFD7-1630E31CB17F}.Debug|Any CPU.ActiveCfg = Debug|Any CPU
		{C187DF2C-7239-498E-BFD7-1630E31CB17F}.Debug|x64.ActiveCfg = Debug|x64
		{C187DF2C-7239-498E-BFD7-1630E31CB17F}.Debug|x64.Build.0 = Debug|x64
		{C187DF2C-7239-498E-BFD7-1630E31CB17F}.Release|Any CPU.ActiveCfg = Release|Any CPU
		{C187DF2C-7239-498E-BFD7-1630E31CB17F}.Release|x64.ActiveCfg = Release|x64
		{C187DF2C-7239-498E-BFD7-1630E31CB17F}.Release|x64.Build.0 = Release|x64
	EndGlobalSection
	GlobalSection(SolutionProperties) = preSolution
		HideSolutionNode = FALSE
	EndGlobalSection
	GlobalSection(ExtensibilityGlobals) = postSolution
		SolutionGuid = {4C34846A-A521-4CC2-BFCA-F2893645FE90}
	EndGlobalSection
EndGlobal
